
Microsoft Visual Studio Solution File, Format Version 12.00
# Visual Studio Version 17
VisualStudioVersion = 17.7.34031.279
MinimumVisualStudioVersion = 10.0.40219.1
Project("{9A19103F-16F7-4668-BE54-9A1E7A4F7556}") = "BruteForce", "BruteForce\BruteForce.csproj", "{8634500D-B799-4BD3-A647-263794A4F610}"
EndProject
Project("{9A19103F-16F7-4668-BE54-9A1E7A4F7556}") = "BruteForce.Tests", "BruteForce.Tests\BruteForce.Tests.csproj", "{9782AC21-E9D7-43EE-8EFA-3137D54D7EC2}"
EndProject
Project("{FAE04EC0-301F-11D3-BF4B-00C04F79EFBC}") = "BruteForce.Api", "BruteForce.Api\BruteForce.Api.csproj", "{86EEB091-5847-4CE0-A469-9EDC0E36E5B0}"
EndProject
Global
	GlobalSection(SolutionConfigurationPlatforms) = preSolution
		Debug|Any CPU = Debug|Any CPU
		Release|Any CPU = Release|Any CPU
	EndGlobalSection
	GlobalSection(ProjectConfigurationPlatforms) = postSolution
		{8634500D-B799-4BD3-A647-263794A4F610}.Debug|Any CPU.ActiveCfg = Debug|Any CPU
		{8634500D-B799-4BD3-A647-263794A4F610}.Debug|Any CPU.Build.0 = Debug|Any CPU
		{8634500D-B799-4BD3-A647-263794A4F610}.Release|Any CPU.ActiveCfg = Release|Any CPU
		{8634500D-B799-4BD3-A647-263794A4F610}.Release|Any CPU.Build.0 = Release|Any CPU
		{9782AC21-E9D7-43EE-8EFA-3137D54D7EC2}.Debug|Any CPU.ActiveCfg = Debug|Any CPU
		{9782AC21-E9D7-43EE-8EFA-3137D54D7EC2}.Debug|Any CPU.Build.0 = Debug|Any CPU
		{9782AC21-E9D7-43EE-8EFA-3137D54D7EC2}.Release|Any CPU.ActiveCfg = Release|Any CPU
		{9782AC21-E9D7-43EE-8EFA-3137D54D7EC2}.Release|Any CPU.Build.0 = Release|Any CPU
		{86EEB091-5847-4CE0-A469-9EDC0E36E5B0}.Debug|Any CPU.ActiveCfg = Debug|Any CPU
		{86EEB091-5847-4CE0-A469-9EDC0E36E5B0}.Debug|Any CPU.Build.0 = Debug|Any CPU
		{86EEB091-5847-4CE0-A469-9EDC0E36E5B0}.Release|Any CPU.ActiveCfg = Release|Any CPU
		{86EEB091-5847-4CE0-A469-9EDC0E36E5B0}.Release|Any CPU.Build.0 = Release|Any CPU
	EndGlobalSection
	GlobalSection(SolutionProperties) = preSolution
		HideSolutionNode = FALSE
	EndGlobalSection
	GlobalSection(ExtensibilityGlobals) = postSolution
		SolutionGuid = {B08F3C63-9BBE-4BCC-9E16-56F8C086E5B5}
	EndGlobalSection
EndGlobal
